
Microsoft Visual Studio Solution File, Format Version 12.00
# Visual Studio 15
VisualStudioVersion = 15.0.28307.757
MinimumVisualStudioVersion = 10.0.40219.1
Project("{FAE04EC0-301F-11D3-BF4B-00C04F79EFBC}") = "Laboratoire1", "Laboratoire1\Laboratoire1.csproj", "{DE970AD8-2FB3-4592-A003-9D1D0CA1BA8C}"
EndProject
Global
	GlobalSection(SolutionConfigurationPlatforms) = preSolution
		Debug|Any CPU = Debug|Any CPU
		Release|Any CPU = Release|Any CPU
	EndGlobalSection
	GlobalSection(ProjectConfigurationPlatforms) = postSolution
		{DE970AD8-2FB3-4592-A003-9D1D0CA1BA8C}.Debug|Any CPU.ActiveCfg = Debug|Any CPU
		{DE970AD8-2FB3-4592-A003-9D1D0CA1BA8C}.Debug|Any CPU.Build.0 = Debug|Any CPU
		{DE970AD8-2FB3-4592-A003-9D1D0CA1BA8C}.Release|Any CPU.ActiveCfg = Release|Any CPU
		{DE970AD8-2FB3-4592-A003-9D1D0CA1BA8C}.Release|Any CPU.Build.0 = Release|Any CPU
	EndGlobalSection
	GlobalSection(SolutionProperties) = preSolution
		HideSolutionNode = FALSE
	EndGlobalSection
	GlobalSection(ExtensibilityGlobals) = postSolution
		SolutionGuid = {6A83B0E6-8060-456E-A0FE-EC6BCB4C043E}
	EndGlobalSection
EndGlobal
